<Solution>
  <Folder Name="/src/">
    <Project Path="src/Store.Api/Store.Api.csproj" />
    <Project Path="src/Store.Application/Store.Application.csproj" />
    <Project Path="src/Store.Domain/Store.Domain.csproj" />
    <Project Path="src/Store.Infrastructure/Store.Infrastructure.csproj" />
  </Folder>
  <Folder Name="/tests/">
    <Project Path="tests/Store.Api.Tests/Store.Api.Tests.csproj" />
    <Project Path="tests/Store.Application.Tests/Store.Application.Tests.csproj" />
    <Project Path="tests/Store.Domain.Tests/Store.Domain.Tests.csproj" />
  </Folder>
</Solution>
